# This file was autogenerated by Stack.
# You should not edit this file by hand.
# For more information, please see the documentation at:
#   https://docs.haskellstack.org/en/stable/lock_files

packages:
- completed:
    subdir: matrix-client
    name: matrix-client
    version: 0.1.2.0
    git: https://github.com/cofree-coffee/matrix-client-haskell.git
    pantry-tree:
      size: 846
      sha256: 81d9f0f94a4d0a8c26b83ab075ca7bc51cb387f631dc7b10d0340355c510868b
    commit: f8610d8956bd146105292bb75821ca078d01b5ff
  original:
    subdir: matrix-client
    git: https://github.com/cofree-coffee/matrix-client-haskell.git
    commit: f8610d8956bd146105292bb75821ca078d01b5ff
snapshots:
- completed:
    size: 586286
    url: https://raw.githubusercontent.com/commercialhaskell/stackage-snapshots/master/lts/18/16.yaml
    sha256: cdead65fca0323144b346c94286186f4969bf85594d649c49c7557295675d8a5
  original: lts-18.16
